// !$*UTF8*$!
{
	archiveVersion = 1;
	classes = {
	};
	objectVersion = 56;
	objects = {

/* Begin PBXBuildFile section */
		15A4F78428FEE40600060880 /* ExpenseTrackerApp.swift in Sources */ = {isa = PBXBuildFile; fileRef = 15A4F78328FEE40600060880 /* ExpenseTrackerApp.swift */; };
		15A4F78628FEE40600060880 /* ContentView.swift in Sources */ = {isa = PBXBuildFile; fileRef = 15A4F78528FEE40600060880 /* ContentView.swift */; };
		15A4F78828FEE40900060880 /* Assets.xcassets in Resources */ = {isa = PBXBuildFile; fileRef = 15A4F78728FEE40900060880 /* Assets.xcassets */; };
		15A4F78B28FEE40900060880 /* Preview Assets.xcassets in Resources */ = {isa = PBXBuildFile; fileRef = 15A4F78A28FEE40900060880 /* Preview Assets.xcassets */; };
		15A4F79528FEE40900060880 /* ExpenseTrackerTests.swift in Sources */ = {isa = PBXBuildFile; fileRef = 15A4F79428FEE40900060880 /* ExpenseTrackerTests.swift */; };
		15A4F79F28FEE40900060880 /* ExpenseTrackerUITests.swift in Sources */ = {isa = PBXBuildFile; fileRef = 15A4F79E28FEE40900060880 /* ExpenseTrackerUITests.swift */; };
		15A4F7A128FEE40900060880 /* ExpenseTrackerUITestsLaunchTests.swift in Sources */ = {isa = PBXBuildFile; fileRef = 15A4F7A028FEE40900060880 /* ExpenseTrackerUITestsLaunchTests.swift */; };
		15A4F7AE28FEE73E00060880 /* Extensions.swift in Sources */ = {isa = PBXBuildFile; fileRef = 15A4F7AD28FEE73E00060880 /* Extensions.swift */; };
		15A4F7B028FEF20900060880 /* TransactionModel.swift in Sources */ = {isa = PBXBuildFile; fileRef = 15A4F7AF28FEF20900060880 /* TransactionModel.swift */; };
		15A4F7B228FFED3B00060880 /* PreviewData.swift in Sources */ = {isa = PBXBuildFile; fileRef = 15A4F7B128FFED3B00060880 /* PreviewData.swift */; };
		15A4F7B428FFEDCB00060880 /* TransactionRow.swift in Sources */ = {isa = PBXBuildFile; fileRef = 15A4F7B328FFEDCB00060880 /* TransactionRow.swift */; };
		15A4F7B728FFF1A800060880 /* SwiftUIFontIcon in Frameworks */ = {isa = PBXBuildFile; productRef = 15A4F7B628FFF1A800060880 /* SwiftUIFontIcon */; };
		15A4F7B928FFF2A400060880 /* TransactionListViewModel.swift in Sources */ = {isa = PBXBuildFile; fileRef = 15A4F7B828FFF2A400060880 /* TransactionListViewModel.swift */; };
		15A4F7BB2900214000060880 /* RecentTransactionList.swift in Sources */ = {isa = PBXBuildFile; fileRef = 15A4F7BA2900214000060880 /* RecentTransactionList.swift */; };
		15A4F7BD290036E400060880 /* TransactionList.swift in Sources */ = {isa = PBXBuildFile; fileRef = 15A4F7BC290036E400060880 /* TransactionList.swift */; };
		15A4F7C029003A2F00060880 /* Collections in Frameworks */ = {isa = PBXBuildFile; productRef = 15A4F7BF29003A2F00060880 /* Collections */; };
		15A4F7C32900403400060880 /* SwiftUICharts in Frameworks */ = {isa = PBXBuildFile; productRef = 15A4F7C22900403400060880 /* SwiftUICharts */; };
		15A4F7C52900477000060880 /* TransactionDetailRow.swift in Sources */ = {isa = PBXBuildFile; fileRef = 15A4F7C42900477000060880 /* TransactionDetailRow.swift */; };
		15A4F7C72900482A00060880 /* TransactionView.swift in Sources */ = {isa = PBXBuildFile; fileRef = 15A4F7C62900482A00060880 /* TransactionView.swift */; };
		15B8138E2908162A00428A22 /* CategoryRow.swift in Sources */ = {isa = PBXBuildFile; fileRef = 15B8138D2908162A00428A22 /* CategoryRow.swift */; };
		15B813902908179800428A22 /* CategoriesView.swift in Sources */ = {isa = PBXBuildFile; fileRef = 15B8138F2908179800428A22 /* CategoriesView.swift */; };
/* End PBXBuildFile section */

/* Begin PBXContainerItemProxy section */
		15A4F79128FEE40900060880 /* PBXContainerItemProxy */ = {
			isa = PBXContainerItemProxy;
			containerPortal = 15A4F77828FEE40600060880 /* Project object */;
			proxyType = 1;
			remoteGlobalIDString = 15A4F77F28FEE40600060880;
			remoteInfo = ExpenseTracker;
		};
		15A4F79B28FEE40900060880 /* PBXContainerItemProxy */ = {
			isa = PBXContainerItemProxy;
			containerPortal = 15A4F77828FEE40600060880 /* Project object */;
			proxyType = 1;
			remoteGlobalIDString = 15A4F77F28FEE40600060880;
			remoteInfo = ExpenseTracker;
		};
/* End PBXContainerItemProxy section */

/* Begin PBXFileReference section */
		15A4F78028FEE40600060880 /* ExpenseTracker.app */ = {isa = PBXFileReference; explicitFileType = wrapper.application; includeInIndex = 0; path = ExpenseTracker.app; sourceTree = BUILT_PRODUCTS_DIR; };
		15A4F78328FEE40600060880 /* ExpenseTrackerApp.swift */ = {isa = PBXFileReference; lastKnownFileType = sourcecode.swift; path = ExpenseTrackerApp.swift; sourceTree = "<group>"; };
		15A4F78528FEE40600060880 /* ContentView.swift */ = {isa = PBXFileReference; lastKnownFileType = sourcecode.swift; path = ContentView.swift; sourceTree = "<group>"; };
		15A4F78728FEE40900060880 /* Assets.xcassets */ = {isa = PBXFileReference; lastKnownFileType = folder.assetcatalog; path = Assets.xcassets; sourceTree = "<group>"; };
		15A4F78A28FEE40900060880 /* Preview Assets.xcassets */ = {isa = PBXFileReference; lastKnownFileType = folder.assetcatalog; path = "Preview Assets.xcassets"; sourceTree = "<group>"; };
		15A4F79028FEE40900060880 /* ExpenseTrackerTests.xctest */ = {isa = PBXFileReference; explicitFileType = wrapper.cfbundle; includeInIndex = 0; path = ExpenseTrackerTests.xctest; sourceTree = BUILT_PRODUCTS_DIR; };
		15A4F79428FEE40900060880 /* ExpenseTrackerTests.swift */ = {isa = PBXFileReference; lastKnownFileType = sourcecode.swift; path = ExpenseTrackerTests.swift; sourceTree = "<group>"; };
		15A4F79A28FEE40900060880 /* ExpenseTrackerUITests.xctest */ = {isa = PBXFileReference; explicitFileType = wrapper.cfbundle; includeInIndex = 0; path = ExpenseTrackerUITests.xctest; sourceTree = BUILT_PRODUCTS_DIR; };
		15A4F79E28FEE40900060880 /* ExpenseTrackerUITests.swift */ = {isa = PBXFileReference; lastKnownFileType = sourcecode.swift; path = ExpenseTrackerUITests.swift; sourceTree = "<group>"; };
		15A4F7A028FEE40900060880 /* ExpenseTrackerUITestsLaunchTests.swift */ = {isa = PBXFileReference; lastKnownFileType = sourcecode.swift; path = ExpenseTrackerUITestsLaunchTests.swift; sourceTree = "<group>"; };
		15A4F7AD28FEE73E00060880 /* Extensions.swift */ = {isa = PBXFileReference; lastKnownFileType = sourcecode.swift; path = Extensions.swift; sourceTree = "<group>"; };
		15A4F7AF28FEF20900060880 /* TransactionModel.swift */ = {isa = PBXFileReference; lastKnownFileType = sourcecode.swift; path = TransactionModel.swift; sourceTree = "<group>"; };
		15A4F7B128FFED3B00060880 /* PreviewData.swift */ = {isa = PBXFileReference; lastKnownFileType = sourcecode.swift; path = PreviewData.swift; sourceTree = "<group>"; };
		15A4F7B328FFEDCB00060880 /* TransactionRow.swift */ = {isa = PBXFileReference; lastKnownFileType = sourcecode.swift; path = TransactionRow.swift; sourceTree = "<group>"; };
		15A4F7B828FFF2A400060880 /* TransactionListViewModel.swift */ = {isa = PBXFileReference; lastKnownFileType = sourcecode.swift; path = TransactionListViewModel.swift; sourceTree = "<group>"; };
		15A4F7BA2900214000060880 /* RecentTransactionList.swift */ = {isa = PBXFileReference; lastKnownFileType = sourcecode.swift; path = RecentTransactionList.swift; sourceTree = "<group>"; };
		15A4F7BC290036E400060880 /* TransactionList.swift */ = {isa = PBXFileReference; lastKnownFileType = sourcecode.swift; path = TransactionList.swift; sourceTree = "<group>"; };
		15A4F7C42900477000060880 /* TransactionDetailRow.swift */ = {isa = PBXFileReference; lastKnownFileType = sourcecode.swift; path = TransactionDetailRow.swift; sourceTree = "<group>"; };
		15A4F7C62900482A00060880 /* TransactionView.swift */ = {isa = PBXFileReference; lastKnownFileType = sourcecode.swift; path = TransactionView.swift; sourceTree = "<group>"; };
		15B8138D2908162A00428A22 /* CategoryRow.swift */ = {isa = PBXFileReference; lastKnownFileType = sourcecode.swift; path = CategoryRow.swift; sourceTree = "<group>"; };
		15B8138F2908179800428A22 /* CategoriesView.swift */ = {isa = PBXFileReference; lastKnownFileType = sourcecode.swift; path = CategoriesView.swift; sourceTree = "<group>"; };
/* End PBXFileReference section */

/* Begin PBXFrameworksBuildPhase section */
		15A4F77D28FEE40600060880 /* Frameworks */ = {
			isa = PBXFrameworksBuildPhase;
			buildActionMask = 2147483647;
			files = (
				15A4F7C32900403400060880 /* SwiftUICharts in Frameworks */,
				15A4F7C029003A2F00060880 /* Collections in Frameworks */,
				15A4F7B728FFF1A800060880 /* SwiftUIFontIcon in Frameworks */,
			);
			runOnlyForDeploymentPostprocessing = 0;
		};
		15A4F78D28FEE40900060880 /* Frameworks */ = {
			isa = PBXFrameworksBuildPhase;
			buildActionMask = 2147483647;
			files = (
			);
			runOnlyForDeploymentPostprocessing = 0;
		};
		15A4F79728FEE40900060880 /* Frameworks */ = {
			isa = PBXFrameworksBuildPhase;
			buildActionMask = 2147483647;
			files = (
			);
			runOnlyForDeploymentPostprocessing = 0;
		};
/* End PBXFrameworksBuildPhase section */

/* Begin PBXGroup section */
		15A4F77728FEE40600060880 = {
			isa = PBXGroup;
			children = (
				15A4F78228FEE40600060880 /* ExpenseTracker */,
				15A4F79328FEE40900060880 /* ExpenseTrackerTests */,
				15A4F79D28FEE40900060880 /* ExpenseTrackerUITests */,
				15A4F78128FEE40600060880 /* Products */,
			);
			sourceTree = "<group>";
		};
		15A4F78128FEE40600060880 /* Products */ = {
			isa = PBXGroup;
			children = (
				15A4F78028FEE40600060880 /* ExpenseTracker.app */,
				15A4F79028FEE40900060880 /* ExpenseTrackerTests.xctest */,
				15A4F79A28FEE40900060880 /* ExpenseTrackerUITests.xctest */,
			);
			name = Products;
			sourceTree = "<group>";
		};
		15A4F78228FEE40600060880 /* ExpenseTracker */ = {
			isa = PBXGroup;
			children = (
				15A4F78328FEE40600060880 /* ExpenseTrackerApp.swift */,
				15A4F78528FEE40600060880 /* ContentView.swift */,
				15A4F7AF28FEF20900060880 /* TransactionModel.swift */,
				15A4F7AD28FEE73E00060880 /* Extensions.swift */,
				15A4F7BA2900214000060880 /* RecentTransactionList.swift */,
				15A4F7C42900477000060880 /* TransactionDetailRow.swift */,
				15A4F7C62900482A00060880 /* TransactionView.swift */,
				15B8138F2908179800428A22 /* CategoriesView.swift */,
				15A4F7BC290036E400060880 /* TransactionList.swift */,
				15B8138D2908162A00428A22 /* CategoryRow.swift */,
				15A4F7B328FFEDCB00060880 /* TransactionRow.swift */,
				15A4F7B828FFF2A400060880 /* TransactionListViewModel.swift */,
				15A4F78728FEE40900060880 /* Assets.xcassets */,
				15A4F7B128FFED3B00060880 /* PreviewData.swift */,
				15A4F78928FEE40900060880 /* Preview Content */,
			);
			path = ExpenseTracker;
			sourceTree = "<group>";
		};
		15A4F78928FEE40900060880 /* Preview Content */ = {
			isa = PBXGroup;
			children = (
				15A4F78A28FEE40900060880 /* Preview Assets.xcassets */,
			);
			path = "Preview Content";
			sourceTree = "<group>";
		};
		15A4F79328FEE40900060880 /* ExpenseTrackerTests */ = {
			isa = PBXGroup;
			children = (
				15A4F79428FEE40900060880 /* ExpenseTrackerTests.swift */,
			);
			path = ExpenseTrackerTests;
			sourceTree = "<group>";
		};
		15A4F79D28FEE40900060880 /* ExpenseTrackerUITests */ = {
			isa = PBXGroup;
			children = (
				15A4F79E28FEE40900060880 /* ExpenseTrackerUITests.swift */,
				15A4F7A028FEE40900060880 /* ExpenseTrackerUITestsLaunchTests.swift */,
			);
			path = ExpenseTrackerUITests;
			sourceTree = "<group>";
		};
/* End PBXGroup section */

/* Begin PBXNativeTarget section */
		15A4F77F28FEE40600060880 /* ExpenseTracker */ = {
			isa = PBXNativeTarget;
			buildConfigurationList = 15A4F7A428FEE40900060880 /* Build configuration list for PBXNativeTarget "ExpenseTracker" */;
			buildPhases = (
				15A4F77C28FEE40600060880 /* Sources */,
				15A4F77D28FEE40600060880 /* Frameworks */,
				15A4F77E28FEE40600060880 /* Resources */,
			);
			buildRules = (
			);
			dependencies = (
			);
			name = ExpenseTracker;
			packageProductDependencies = (
				15A4F7B628FFF1A800060880 /* SwiftUIFontIcon */,
				15A4F7BF29003A2F00060880 /* Collections */,
				15A4F7C22900403400060880 /* SwiftUICharts */,
			);
			productName = ExpenseTracker;
			productReference = 15A4F78028FEE40600060880 /* ExpenseTracker.app */;
			productType = "com.apple.product-type.application";
		};
		15A4F78F28FEE40900060880 /* ExpenseTrackerTests */ = {
			isa = PBXNativeTarget;
			buildConfigurationList = 15A4F7A728FEE40900060880 /* Build configuration list for PBXNativeTarget "ExpenseTrackerTests" */;
			buildPhases = (
				15A4F78C28FEE40900060880 /* Sources */,
				15A4F78D28FEE40900060880 /* Frameworks */,
				15A4F78E28FEE40900060880 /* Resources */,
			);
			buildRules = (
			);
			dependencies = (
				15A4F79228FEE40900060880 /* PBXTargetDependency */,
			);
			name = ExpenseTrackerTests;
			productName = ExpenseTrackerTests;
			productReference = 15A4F79028FEE40900060880 /* ExpenseTrackerTests.xctest */;
			productType = "com.apple.product-type.bundle.unit-test";
		};
		15A4F79928FEE40900060880 /* ExpenseTrackerUITests */ = {
			isa = PBXNativeTarget;
			buildConfigurationList = 15A4F7AA28FEE40900060880 /* Build configuration list for PBXNativeTarget "ExpenseTrackerUITests" */;
			buildPhases = (
				15A4F79628FEE40900060880 /* Sources */,
				15A4F79728FEE40900060880 /* Frameworks */,
				15A4F79828FEE40900060880 /* Resources */,
			);
			buildRules = (
			);
			dependencies = (
				15A4F79C28FEE40900060880 /* PBXTargetDependency */,
			);
			name = ExpenseTrackerUITests;
			productName = ExpenseTrackerUITests;
			productReference = 15A4F79A28FEE40900060880 /* ExpenseTrackerUITests.xctest */;
			productType = "com.apple.product-type.bundle.ui-testing";
		};
/* End PBXNativeTarget section */

/* Begin PBXProject section */
		15A4F77828FEE40600060880 /* Project object */ = {
			isa = PBXProject;
			attributes = {
				BuildIndependentTargetsInParallel = 1;
				LastSwiftUpdateCheck = 1400;
				LastUpgradeCheck = 1400;
				TargetAttributes = {
					15A4F77F28FEE40600060880 = {
						CreatedOnToolsVersion = 14.0.1;
					};
					15A4F78F28FEE40900060880 = {
						CreatedOnToolsVersion = 14.0.1;
						TestTargetID = 15A4F77F28FEE40600060880;
					};
					15A4F79928FEE40900060880 = {
						CreatedOnToolsVersion = 14.0.1;
						TestTargetID = 15A4F77F28FEE40600060880;
					};
				};
			};
			buildConfigurationList = 15A4F77B28FEE40600060880 /* Build configuration list for PBXProject "ExpenseTracker" */;
			compatibilityVersion = "Xcode 14.0";
			developmentRegion = en;
			hasScannedForEncodings = 0;
			knownRegions = (
				en,
				Base,
			);
			mainGroup = 15A4F77728FEE40600060880;
			packageReferences = (
				15A4F7B528FFF1A800060880 /* XCRemoteSwiftPackageReference "SwiftUIFontIcon" */,
				15A4F7BE29003A2F00060880 /* XCRemoteSwiftPackageReference "swift-collections" */,
				15A4F7C12900403400060880 /* XCRemoteSwiftPackageReference "ChartView" */,
			);
			productRefGroup = 15A4F78128FEE40600060880 /* Products */;
			projectDirPath = "";
			projectRoot = "";
			targets = (
				15A4F77F28FEE40600060880 /* ExpenseTracker */,
				15A4F78F28FEE40900060880 /* ExpenseTrackerTests */,
				15A4F79928FEE40900060880 /* ExpenseTrackerUITests */,
			);
		};
/* End PBXProject section */

/* Begin PBXResourcesBuildPhase section */
		15A4F77E28FEE40600060880 /* Resources */ = {
			isa = PBXResourcesBuildPhase;
			buildActionMask = 2147483647;
			files = (
				15A4F78B28FEE40900060880 /* Preview Assets.xcassets in Resources */,
				15A4F78828FEE40900060880 /* Assets.xcassets in Resources */,
			);
			runOnlyForDeploymentPostprocessing = 0;
		};
		15A4F78E28FEE40900060880 /* Resources */ = {
			isa = PBXResourcesBuildPhase;
			buildActionMask = 2147483647;
			files = (
			);
			runOnlyForDeploymentPostprocessing = 0;
		};
		15A4F79828FEE40900060880 /* Resources */ = {
			isa = PBXResourcesBuildPhase;
			buildActionMask = 2147483647;
			files = (
			);
			runOnlyForDeploymentPostprocessing = 0;
		};
/* End PBXResourcesBuildPhase section */

/* Begin PBXSourcesBuildPhase section */
		15A4F77C28FEE40600060880 /* Sources */ = {
			isa = PBXSourcesBuildPhase;
			buildActionMask = 2147483647;
			files = (
				15A4F7B228FFED3B00060880 /* PreviewData.swift in Sources */,
				15A4F7BD290036E400060880 /* TransactionList.swift in Sources */,
				15A4F7BB2900214000060880 /* RecentTransactionList.swift in Sources */,
				15A4F7B028FEF20900060880 /* TransactionModel.swift in Sources */,
				15A4F7C52900477000060880 /* TransactionDetailRow.swift in Sources */,
				15A4F7C72900482A00060880 /* TransactionView.swift in Sources */,
				15B813902908179800428A22 /* CategoriesView.swift in Sources */,
				15A4F78628FEE40600060880 /* ContentView.swift in Sources */,
				15A4F7B428FFEDCB00060880 /* TransactionRow.swift in Sources */,
				15A4F7AE28FEE73E00060880 /* Extensions.swift in Sources */,
				15A4F7B928FFF2A400060880 /* TransactionListViewModel.swift in Sources */,
				15B8138E2908162A00428A22 /* CategoryRow.swift in Sources */,
				15A4F78428FEE40600060880 /* ExpenseTrackerApp.swift in Sources */,
			);
			runOnlyForDeploymentPostprocessing = 0;
		};
		15A4F78C28FEE40900060880 /* Sources */ = {
			isa = PBXSourcesBuildPhase;
			buildActionMask = 2147483647;
			files = (
				15A4F79528FEE40900060880 /* ExpenseTrackerTests.swift in Sources */,
			);
			runOnlyForDeploymentPostprocessing = 0;
		};
		15A4F79628FEE40900060880 /* Sources */ = {
			isa = PBXSourcesBuildPhase;
			buildActionMask = 2147483647;
			files = (
				15A4F7A128FEE40900060880 /* ExpenseTrackerUITestsLaunchTests.swift in Sources */,
				15A4F79F28FEE40900060880 /* ExpenseTrackerUITests.swift in Sources */,
			);
			runOnlyForDeploymentPostprocessing = 0;
		};
/* End PBXSourcesBuildPhase section */

/* Begin PBXTargetDependency section */
		15A4F79228FEE40900060880 /* PBXTargetDependency */ = {
			isa = PBXTargetDependency;
			target = 15A4F77F28FEE40600060880 /* ExpenseTracker */;
			targetProxy = 15A4F79128FEE40900060880 /* PBXContainerItemProxy */;
		};
		15A4F79C28FEE40900060880 /* PBXTargetDependency */ = {
			isa = PBXTargetDependency;
			target = 15A4F77F28FEE40600060880 /* ExpenseTracker */;
			targetProxy = 15A4F79B28FEE40900060880 /* PBXContainerItemProxy */;
		};
/* End PBXTargetDependency section */

/* Begin XCBuildConfiguration section */
		15A4F7A228FEE40900060880 /* Debug */ = {
			isa = XCBuildConfiguration;
			buildSettings = {
				ALWAYS_SEARCH_USER_PATHS = NO;
				CLANG_ANALYZER_NONNULL = YES;
				CLANG_ANALYZER_NUMBER_OBJECT_CONVERSION = YES_AGGRESSIVE;
				CLANG_CXX_LANGUAGE_STANDARD = "gnu++20";
				CLANG_ENABLE_MODULES = YES;
				CLANG_ENABLE_OBJC_ARC = YES;
				CLANG_ENABLE_OBJC_WEAK = YES;
				CLANG_WARN_BLOCK_CAPTURE_AUTORELEASING = YES;
				CLANG_WARN_BOOL_CONVERSION = YES;
				CLANG_WARN_COMMA = YES;
				CLANG_WARN_CONSTANT_CONVERSION = YES;
				CLANG_WARN_DEPRECATED_OBJC_IMPLEMENTATIONS = YES;
				CLANG_WARN_DIRECT_OBJC_ISA_USAGE = YES_ERROR;
				CLANG_WARN_DOCUMENTATION_COMMENTS = YES;
				CLANG_WARN_EMPTY_BODY = YES;
				CLANG_WARN_ENUM_CONVERSION = YES;
				CLANG_WARN_INFINITE_RECURSION = YES;
				CLANG_WARN_INT_CONVERSION = YES;
				CLANG_WARN_NON_LITERAL_NULL_CONVERSION = YES;
				CLANG_WARN_OBJC_IMPLICIT_RETAIN_SELF = YES;
				CLANG_WARN_OBJC_LITERAL_CONVERSION = YES;
				CLANG_WARN_OBJC_ROOT_CLASS = YES_ERROR;
				CLANG_WARN_QUOTED_INCLUDE_IN_FRAMEWORK_HEADER = YES;
				CLANG_WARN_RANGE_LOOP_ANALYSIS = YES;
				CLANG_WARN_STRICT_PROTOTYPES = YES;
				CLANG_WARN_SUSPICIOUS_MOVE = YES;
				CLANG_WARN_UNGUARDED_AVAILABILITY = YES_AGGRESSIVE;
				CLANG_WARN_UNREACHABLE_CODE = YES;
				CLANG_WARN__DUPLICATE_METHOD_MATCH = YES;
				COPY_PHASE_STRIP = NO;
				DEBUG_INFORMATION_FORMAT = dwarf;
				ENABLE_STRICT_OBJC_MSGSEND = YES;
				ENABLE_TESTABILITY = YES;
				GCC_C_LANGUAGE_STANDARD = gnu11;
				GCC_DYNAMIC_NO_PIC = NO;
				GCC_NO_COMMON_BLOCKS = YES;
				GCC_OPTIMIZATION_LEVEL = 0;
				GCC_PREPROCESSOR_DEFINITIONS = (
					"DEBUG=1",
					"$(inherited)",
				);
				GCC_WARN_64_TO_32_BIT_CONVERSION = YES;
				GCC_WARN_ABOUT_RETURN_TYPE = YES_ERROR;
				GCC_WARN_UNDECLARED_SELECTOR = YES;
				GCC_WARN_UNINITIALIZED_AUTOS = YES_AGGRESSIVE;
				GCC_WARN_UNUSED_FUNCTION = YES;
				GCC_WARN_UNUSED_VARIABLE = YES;
				IPHONEOS_DEPLOYMENT_TARGET = 16.0;
				MTL_ENABLE_DEBUG_INFO = INCLUDE_SOURCE;
				MTL_FAST_MATH = YES;
				ONLY_ACTIVE_ARCH = YES;
				SDKROOT = iphoneos;
				SWIFT_ACTIVE_COMPILATION_CONDITIONS = DEBUG;
				SWIFT_OPTIMIZATION_LEVEL = "-Onone";
			};
			name = Debug;
		};
		15A4F7A328FEE40900060880 /* Release */ = {
			isa = XCBuildConfiguration;
			buildSettings = {
				ALWAYS_SEARCH_USER_PATHS = NO;
				CLANG_ANALYZER_NONNULL = YES;
				CLANG_ANALYZER_NUMBER_OBJECT_CONVERSION = YES_AGGRESSIVE;
				CLANG_CXX_LANGUAGE_STANDARD = "gnu++20";
				CLANG_ENABLE_MODULES = YES;
				CLANG_ENABLE_OBJC_ARC = YES;
				CLANG_ENABLE_OBJC_WEAK = YES;
				CLANG_WARN_BLOCK_CAPTURE_AUTORELEASING = YES;
				CLANG_WARN_BOOL_CONVERSION = YES;
				CLANG_WARN_COMMA = YES;
				CLANG_WARN_CONSTANT_CONVERSION = YES;
				CLANG_WARN_DEPRECATED_OBJC_IMPLEMENTATIONS = YES;
				CLANG_WARN_DIRECT_OBJC_ISA_USAGE = YES_ERROR;
				CLANG_WARN_DOCUMENTATION_COMMENTS = YES;
				CLANG_WARN_EMPTY_BODY = YES;
				CLANG_WARN_ENUM_CONVERSION = YES;
				CLANG_WARN_INFINITE_RECURSION = YES;
				CLANG_WARN_INT_CONVERSION = YES;
				CLANG_WARN_NON_LITERAL_NULL_CONVERSION = YES;
				CLANG_WARN_OBJC_IMPLICIT_RETAIN_SELF = YES;
				CLANG_WARN_OBJC_LITERAL_CONVERSION = YES;
				CLANG_WARN_OBJC_ROOT_CLASS = YES_ERROR;
				CLANG_WARN_QUOTED_INCLUDE_IN_FRAMEWORK_HEADER = YES;
				CLANG_WARN_RANGE_LOOP_ANALYSIS = YES;
				CLANG_WARN_STRICT_PROTOTYPES = YES;
				CLANG_WARN_SUSPICIOUS_MOVE = YES;
				CLANG_WARN_UNGUARDED_AVAILABILITY = YES_AGGRESSIVE;
				CLANG_WARN_UNREACHABLE_CODE = YES;
				CLANG_WARN__DUPLICATE_METHOD_MATCH = YES;
				COPY_PHASE_STRIP = NO;
				DEBUG_INFORMATION_FORMAT = "dwarf-with-dsym";
				ENABLE_NS_ASSERTIONS = NO;
				ENABLE_STRICT_OBJC_MSGSEND = YES;
				GCC_C_LANGUAGE_STANDARD = gnu11;
				GCC_NO_COMMON_BLOCKS = YES;
				GCC_WARN_64_TO_32_BIT_CONVERSION = YES;
				GCC_WARN_ABOUT_RETURN_TYPE = YES_ERROR;
				GCC_WARN_UNDECLARED_SELECTOR = YES;
				GCC_WARN_UNINITIALIZED_AUTOS = YES_AGGRESSIVE;
				GCC_WARN_UNUSED_FUNCTION = YES;
				GCC_WARN_UNUSED_VARIABLE = YES;
				IPHONEOS_DEPLOYMENT_TARGET = 16.0;
				MTL_ENABLE_DEBUG_INFO = NO;
				MTL_FAST_MATH = YES;
				SDKROOT = iphoneos;
				SWIFT_COMPILATION_MODE = wholemodule;
				SWIFT_OPTIMIZATION_LEVEL = "-O";
				VALIDATE_PRODUCT = YES;
			};
			name = Release;
		};
		15A4F7A528FEE40900060880 /* Debug */ = {
			isa = XCBuildConfiguration;
			buildSettings = {
				ASSETCATALOG_COMPILER_APPICON_NAME = AppIcon;
				ASSETCATALOG_COMPILER_GLOBAL_ACCENT_COLOR_NAME = AccentColor;
				CODE_SIGN_STYLE = Automatic;
				CURRENT_PROJECT_VERSION = 1;
				DEVELOPMENT_ASSET_PATHS = "\"ExpenseTracker/Preview Content\"";
				DEVELOPMENT_TEAM = X59FH7DDNB;
				ENABLE_PREVIEWS = YES;
				GENERATE_INFOPLIST_FILE = YES;
				INFOPLIST_KEY_UIApplicationSceneManifest_Generation = YES;
				INFOPLIST_KEY_UIApplicationSupportsIndirectInputEvents = YES;
				INFOPLIST_KEY_UILaunchScreen_Generation = YES;
				INFOPLIST_KEY_UISupportedInterfaceOrientations_iPad = "UIInterfaceOrientationPortrait UIInterfaceOrientationPortraitUpsideDown UIInterfaceOrientationLandscapeLeft UIInterfaceOrientationLandscapeRight";
				INFOPLIST_KEY_UISupportedInterfaceOrientations_iPhone = "UIInterfaceOrientationPortrait UIInterfaceOrientationLandscapeLeft UIInterfaceOrientationLandscapeRight";
				LD_RUNPATH_SEARCH_PATHS = (
					"$(inherited)",
					"@executable_path/Frameworks",
				);
				MARKETING_VERSION = 1.0;
				PRODUCT_BUNDLE_IDENTIFIER = SW.ExpenseTracker;
				PRODUCT_NAME = "$(TARGET_NAME)";
				SWIFT_EMIT_LOC_STRINGS = YES;
				SWIFT_VERSION = 5.0;
				TARGETED_DEVICE_FAMILY = "1,2";
			};
			name = Debug;
		};
		15A4F7A628FEE40900060880 /* Release */ = {
			isa = XCBuildConfiguration;
			buildSettings = {
				ASSETCATALOG_COMPILER_APPICON_NAME = AppIcon;
				ASSETCATALOG_COMPILER_GLOBAL_ACCENT_COLOR_NAME = AccentColor;
				CODE_SIGN_STYLE = Automatic;
				CURRENT_PROJECT_VERSION = 1;
				DEVELOPMENT_ASSET_PATHS = "\"ExpenseTracker/Preview Content\"";
				DEVELOPMENT_TEAM = X59FH7DDNB;
				ENABLE_PREVIEWS = YES;
				GENERATE_INFOPLIST_FILE = YES;
				INFOPLIST_KEY_UIApplicationSceneManifest_Generation = YES;
				INFOPLIST_KEY_UIApplicationSupportsIndirectInputEvents = YES;
				INFOPLIST_KEY_UILaunchScreen_Generation = YES;
				INFOPLIST_KEY_UISupportedInterfaceOrientations_iPad = "UIInterfaceOrientationPortrait UIInterfaceOrientationPortraitUpsideDown UIInterfaceOrientationLandscapeLeft UIInterfaceOrientationLandscapeRight";
				INFOPLIST_KEY_UISupportedInterfaceOrientations_iPhone = "UIInterfaceOrientationPortrait UIInterfaceOrientationLandscapeLeft UIInterfaceOrientationLandscapeRight";
				LD_RUNPATH_SEARCH_PATHS = (
					"$(inherited)",
					"@executable_path/Frameworks",
				);
				MARKETING_VERSION = 1.0;
				PRODUCT_BUNDLE_IDENTIFIER = SW.ExpenseTracker;
				PRODUCT_NAME = "$(TARGET_NAME)";
				SWIFT_EMIT_LOC_STRINGS = YES;
				SWIFT_VERSION = 5.0;
				TARGETED_DEVICE_FAMILY = "1,2";
			};
			name = Release;
		};
		15A4F7A828FEE40900060880 /* Debug */ = {
			isa = XCBuildConfiguration;
			buildSettings = {
				ALWAYS_EMBED_SWIFT_STANDARD_LIBRARIES = YES;
				BUNDLE_LOADER = "$(TEST_HOST)";
				CODE_SIGN_STYLE = Automatic;
				CURRENT_PROJECT_VERSION = 1;
				DEVELOPMENT_TEAM = X59FH7DDNB;
				GENERATE_INFOPLIST_FILE = YES;
				IPHONEOS_DEPLOYMENT_TARGET = 16.0;
				MARKETING_VERSION = 1.0;
				PRODUCT_BUNDLE_IDENTIFIER = SW.ExpenseTrackerTests;
				PRODUCT_NAME = "$(TARGET_NAME)";
				SWIFT_EMIT_LOC_STRINGS = NO;
				SWIFT_VERSION = 5.0;
				TARGETED_DEVICE_FAMILY = "1,2";
				TEST_HOST = "$(BUILT_PRODUCTS_DIR)/ExpenseTracker.app/$(BUNDLE_EXECUTABLE_FOLDER_PATH)/ExpenseTracker";
			};
			name = Debug;
		};
		15A4F7A928FEE40900060880 /* Release */ = {
			isa = XCBuildConfiguration;
			buildSettings = {
				ALWAYS_EMBED_SWIFT_STANDARD_LIBRARIES = YES;
				BUNDLE_LOADER = "$(TEST_HOST)";
				CODE_SIGN_STYLE = Automatic;
				CURRENT_PROJECT_VERSION = 1;
				DEVELOPMENT_TEAM = X59FH7DDNB;
				GENERATE_INFOPLIST_FILE = YES;
				IPHONEOS_DEPLOYMENT_TARGET = 16.0;
				MARKETING_VERSION = 1.0;
				PRODUCT_BUNDLE_IDENTIFIER = SW.ExpenseTrackerTests;
				PRODUCT_NAME = "$(TARGET_NAME)";
				SWIFT_EMIT_LOC_STRINGS = NO;
				SWIFT_VERSION = 5.0;
				TARGETED_DEVICE_FAMILY = "1,2";
				TEST_HOST = "$(BUILT_PRODUCTS_DIR)/ExpenseTracker.app/$(BUNDLE_EXECUTABLE_FOLDER_PATH)/ExpenseTracker";
			};
			name = Release;
		};
		15A4F7AB28FEE40900060880 /* Debug */ = {
			isa = XCBuildConfiguration;
			buildSettings = {
				ALWAYS_EMBED_SWIFT_STANDARD_LIBRARIES = YES;
				CODE_SIGN_STYLE = Automatic;
				CURRENT_PROJECT_VERSION = 1;
				DEVELOPMENT_TEAM = X59FH7DDNB;
				GENERATE_INFOPLIST_FILE = YES;
				MARKETING_VERSION = 1.0;
				PRODUCT_BUNDLE_IDENTIFIER = SW.ExpenseTrackerUITests;
				PRODUCT_NAME = "$(TARGET_NAME)";
				SWIFT_EMIT_LOC_STRINGS = NO;
				SWIFT_VERSION = 5.0;
				TARGETED_DEVICE_FAMILY = "1,2";
				TEST_TARGET_NAME = ExpenseTracker;
			};
			name = Debug;
		};
		15A4F7AC28FEE40900060880 /* Release */ = {
			isa = XCBuildConfiguration;
			buildSettings = {
				ALWAYS_EMBED_SWIFT_STANDARD_LIBRARIES = YES;
				CODE_SIGN_STYLE = Automatic;
				CURRENT_PROJECT_VERSION = 1;
				DEVELOPMENT_TEAM = X59FH7DDNB;
				GENERATE_INFOPLIST_FILE = YES;
				MARKETING_VERSION = 1.0;
				PRODUCT_BUNDLE_IDENTIFIER = SW.ExpenseTrackerUITests;
				PRODUCT_NAME = "$(TARGET_NAME)";
				SWIFT_EMIT_LOC_STRINGS = NO;
				SWIFT_VERSION = 5.0;
				TARGETED_DEVICE_FAMILY = "1,2";
				TEST_TARGET_NAME = ExpenseTracker;
			};
			name = Release;
		};
/* End XCBuildConfiguration section */

/* Begin XCConfigurationList section */
		15A4F77B28FEE40600060880 /* Build configuration list for PBXProject "ExpenseTracker" */ = {
			isa = XCConfigurationList;
			buildConfigurations = (
				15A4F7A228FEE40900060880 /* Debug */,
				15A4F7A328FEE40900060880 /* Release */,
			);
			defaultConfigurationIsVisible = 0;
			defaultConfigurationName = Release;
		};
		15A4F7A428FEE40900060880 /* Build configuration list for PBXNativeTarget "ExpenseTracker" */ = {
			isa = XCConfigurationList;
			buildConfigurations = (
				15A4F7A528FEE40900060880 /* Debug */,
				15A4F7A628FEE40900060880 /* Release */,
			);
			defaultConfigurationIsVisible = 0;
			defaultConfigurationName = Release;
		};
		15A4F7A728FEE40900060880 /* Build configuration list for PBXNativeTarget "ExpenseTrackerTests" */ = {
			isa = XCConfigurationList;
			buildConfigurations = (
				15A4F7A828FEE40900060880 /* Debug */,
				15A4F7A928FEE40900060880 /* Release */,
			);
			defaultConfigurationIsVisible = 0;
			defaultConfigurationName = Release;
		};
		15A4F7AA28FEE40900060880 /* Build configuration list for PBXNativeTarget "ExpenseTrackerUITests" */ = {
			isa = XCConfigurationList;
			buildConfigurations = (
				15A4F7AB28FEE40900060880 /* Debug */,
				15A4F7AC28FEE40900060880 /* Release */,
			);
			defaultConfigurationIsVisible = 0;
			defaultConfigurationName = Release;
		};
/* End XCConfigurationList section */

/* Begin XCRemoteSwiftPackageReference section */
		15A4F7B528FFF1A800060880 /* XCRemoteSwiftPackageReference "SwiftUIFontIcon" */ = {
			isa = XCRemoteSwiftPackageReference;
			repositoryURL = "https://github.com/huybuidac/SwiftUIFontIcon";
			requirement = {
				branch = master;
				kind = branch;
			};
		};
		15A4F7BE29003A2F00060880 /* XCRemoteSwiftPackageReference "swift-collections" */ = {
			isa = XCRemoteSwiftPackageReference;
			repositoryURL = "https://github.com/apple/swift-collections.git";
			requirement = {
				kind = upToNextMajorVersion;
				minimumVersion = 1.0.3;
			};
		};
		15A4F7C12900403400060880 /* XCRemoteSwiftPackageReference "ChartView" */ = {
			isa = XCRemoteSwiftPackageReference;
			repositoryURL = "https://github.com/AppPear/ChartView";
			requirement = {
				kind = exactVersion;
				version = "2.0.0-beta.2";
			};
		};
/* End XCRemoteSwiftPackageReference section */

/* Begin XCSwiftPackageProductDependency section */
		15A4F7B628FFF1A800060880 /* SwiftUIFontIcon */ = {
			isa = XCSwiftPackageProductDependency;
			package = 15A4F7B528FFF1A800060880 /* XCRemoteSwiftPackageReference "SwiftUIFontIcon" */;
			productName = SwiftUIFontIcon;
		};
		15A4F7BF29003A2F00060880 /* Collections */ = {
			isa = XCSwiftPackageProductDependency;
			package = 15A4F7BE29003A2F00060880 /* XCRemoteSwiftPackageReference "swift-collections" */;
			productName = Collections;
		};
		15A4F7C22900403400060880 /* SwiftUICharts */ = {
			isa = XCSwiftPackageProductDependency;
			package = 15A4F7C12900403400060880 /* XCRemoteSwiftPackageReference "ChartView" */;
			productName = SwiftUICharts;
		};
/* End XCSwiftPackageProductDependency section */
	};
	rootObject = 15A4F77828FEE40600060880 /* Project object */;
}
